
Microsoft Visual Studio Solution File, Format Version 12.00
# Visual Studio 14
VisualStudioVersion = 14.0.24720.0
MinimumVisualStudioVersion = 10.0.40219.1
Project("{FAE04EC0-301F-11D3-BF4B-00C04F79EFBC}") = "NScientist", "NScientist\NScientist.csproj", "{9AA272F2-DA4A-4817-975E-F2EABBB14F9B}"
EndProject
Project("{FAE04EC0-301F-11D3-BF4B-00C04F79EFBC}") = "NScientist.Tests", "NScientist.Tests\NScientist.Tests.csproj", "{D0293453-5F05-41F4-9DE5-8447FF746299}"
EndProject
Project("{FAE04EC0-301F-11D3-BF4B-00C04F79EFBC}") = "Samples", "Samples\Samples.csproj", "{8C767478-43C5-4CA5-8B7E-7303A1FC6264}"
EndProject
Global
	GlobalSection(SolutionConfigurationPlatforms) = preSolution
		Debug|Any CPU = Debug|Any CPU
		Release|Any CPU = Release|Any CPU
	EndGlobalSection
	GlobalSection(ProjectConfigurationPlatforms) = postSolution
		{9AA272F2-DA4A-4817-975E-F2EABBB14F9B}.Debug|Any CPU.ActiveCfg = Debug|Any CPU
		{9AA272F2-DA4A-4817-975E-F2EABBB14F9B}.Debug|Any CPU.Build.0 = Debug|Any CPU
		{9AA272F2-DA4A-4817-975E-F2EABBB14F9B}.Release|Any CPU.ActiveCfg = Release|Any CPU
		{9AA272F2-DA4A-4817-975E-F2EABBB14F9B}.Release|Any CPU.Build.0 = Release|Any CPU
		{D0293453-5F05-41F4-9DE5-8447FF746299}.Debug|Any CPU.ActiveCfg = Debug|Any CPU
		{D0293453-5F05-41F4-9DE5-8447FF746299}.Debug|Any CPU.Build.0 = Debug|Any CPU
		{D0293453-5F05-41F4-9DE5-8447FF746299}.Release|Any CPU.ActiveCfg = Release|Any CPU
		{D0293453-5F05-41F4-9DE5-8447FF746299}.Release|Any CPU.Build.0 = Release|Any CPU
		{8C767478-43C5-4CA5-8B7E-7303A1FC6264}.Debug|Any CPU.ActiveCfg = Debug|Any CPU
		{8C767478-43C5-4CA5-8B7E-7303A1FC6264}.Debug|Any CPU.Build.0 = Debug|Any CPU
		{8C767478-43C5-4CA5-8B7E-7303A1FC6264}.Release|Any CPU.ActiveCfg = Release|Any CPU
		{8C767478-43C5-4CA5-8B7E-7303A1FC6264}.Release|Any CPU.Build.0 = Release|Any CPU
	EndGlobalSection
	GlobalSection(SolutionProperties) = preSolution
		HideSolutionNode = FALSE
	EndGlobalSection
EndGlobal
